
Microsoft Visual Studio Solution File, Format Version 12.00
# Visual Studio Version 16
VisualStudioVersion = 16.0.30523.141
MinimumVisualStudioVersion = 10.0.40219.1
Project("{FAE04EC0-301F-11D3-BF4B-00C04F79EFBC}") = "WpfDemo", "WpfDemo\WpfDemo.csproj", "{80E4ED64-67B0-4D0F-A581-AB3124106739}"
EndProject
Global
	GlobalSection(SolutionConfigurationPlatforms) = preSolution
		Debug|Any CPU = Debug|Any CPU
		Release|Any CPU = Release|Any CPU
	EndGlobalSection
	GlobalSection(ProjectConfigurationPlatforms) = postSolution
		{80E4ED64-67B0-4D0F-A581-AB3124106739}.Debug|Any CPU.ActiveCfg = Debug|Any CPU
		{80E4ED64-67B0-4D0F-A581-AB3124106739}.Debug|Any CPU.Build.0 = Debug|Any CPU
		{80E4ED64-67B0-4D0F-A581-AB3124106739}.Release|Any CPU.ActiveCfg = Release|Any CPU
		{80E4ED64-67B0-4D0F-A581-AB3124106739}.Release|Any CPU.Build.0 = Release|Any CPU
	EndGlobalSection
	GlobalSection(SolutionProperties) = preSolution
		HideSolutionNode = FALSE
	EndGlobalSection
	GlobalSection(ExtensibilityGlobals) = postSolution
		SolutionGuid = {D4555F2D-BF5F-4D53-A198-4967DF87FE7C}
	EndGlobalSection
EndGlobal
